
Microsoft Visual Studio Solution File, Format Version 12.00
# Visual Studio Version 17
VisualStudioVersion = 17.9.34310.174
MinimumVisualStudioVersion = 10.0.40219.1
Project("{FAE04EC0-301F-11D3-BF4B-00C04F79EFBC}") = "SimpleBlazorWebApp", "SimpleBlazorWebApp\SimpleBlazorWebApp.csproj", "{AF0BD654-479D-4B5E-A197-0DF5BE22A01D}"
EndProject
Global
	GlobalSection(SolutionConfigurationPlatforms) = preSolution
		Debug|Any CPU = Debug|Any CPU
		Release|Any CPU = Release|Any CPU
	EndGlobalSection
	GlobalSection(ProjectConfigurationPlatforms) = postSolution
		{AF0BD654-479D-4B5E-A197-0DF5BE22A01D}.Debug|Any CPU.ActiveCfg = Debug|Any CPU
		{AF0BD654-479D-4B5E-A197-0DF5BE22A01D}.Debug|Any CPU.Build.0 = Debug|Any CPU
		{AF0BD654-479D-4B5E-A197-0DF5BE22A01D}.Release|Any CPU.ActiveCfg = Release|Any CPU
		{AF0BD654-479D-4B5E-A197-0DF5BE22A01D}.Release|Any CPU.Build.0 = Release|Any CPU
	EndGlobalSection
	GlobalSection(SolutionProperties) = preSolution
		HideSolutionNode = FALSE
	EndGlobalSection
	GlobalSection(ExtensibilityGlobals) = postSolution
		SolutionGuid = {0BCBFFB0-3F95-41D8-A162-C1281B0AB18A}
	EndGlobalSection
EndGlobal
